// !$*UTF8*$!
{
	archiveVersion = 1;
	classes = {
	};
	objectVersion = 46;
	objects = {

/* Begin PBXBuildFile section */
		9B592D911D62F6CC00F71CD3 /* AppDelegate.swift in Sources */ = {isa = PBXBuildFile; fileRef = 9B592D901D62F6CC00F71CD3 /* AppDelegate.swift */; };
		9B592D931D62F6CC00F71CD3 /* ViewController.swift in Sources */ = {isa = PBXBuildFile; fileRef = 9B592D921D62F6CC00F71CD3 /* ViewController.swift */; };
		9B592D961D62F6CC00F71CD3 /* Main.storyboard in Resources */ = {isa = PBXBuildFile; fileRef = 9B592D941D62F6CC00F71CD3 /* Main.storyboard */; };
		9B592D981D62F6CC00F71CD3 /* Assets.xcassets in Resources */ = {isa = PBXBuildFile; fileRef = 9B592D971D62F6CC00F71CD3 /* Assets.xcassets */; };
		9B592D9B1D62F6CC00F71CD3 /* LaunchScreen.storyboard in Resources */ = {isa = PBXBuildFile; fileRef = 9B592D991D62F6CC00F71CD3 /* LaunchScreen.storyboard */; };
		9B592DB21D62F86000F71CD3 /* 1.png in Resources */ = {isa = PBXBuildFile; fileRef = 9B592DA31D62F86000F71CD3 /* 1.png */; };
		9B592DB31D62F86000F71CD3 /* 2.png in Resources */ = {isa = PBXBuildFile; fileRef = 9B592DA41D62F86000F71CD3 /* 2.png */; };
		9B592DB41D62F86000F71CD3 /* 3.png in Resources */ = {isa = PBXBuildFile; fileRef = 9B592DA51D62F86000F71CD3 /* 3.png */; };
		9B592DB51D62F86000F71CD3 /* 4.png in Resources */ = {isa = PBXBuildFile; fileRef = 9B592DA61D62F86000F71CD3 /* 4.png */; };
		9B592DB61D62F86000F71CD3 /* 5.jpg in Resources */ = {isa = PBXBuildFile; fileRef = 9B592DA71D62F86000F71CD3 /* 5.jpg */; };
		9B592DB71D62F86000F71CD3 /* 6.jpg in Resources */ = {isa = PBXBuildFile; fileRef = 9B592DA81D62F86000F71CD3 /* 6.jpg */; };
		9B592DB81D62F86000F71CD3 /* 7.jpg in Resources */ = {isa = PBXBuildFile; fileRef = 9B592DA91D62F86000F71CD3 /* 7.jpg */; };
		9B592DB91D62F86000F71CD3 /* 8.jpg in Resources */ = {isa = PBXBuildFile; fileRef = 9B592DAA1D62F86000F71CD3 /* 8.jpg */; };
		9B592DBA1D62F86000F71CD3 /* 9.jpg in Resources */ = {isa = PBXBuildFile; fileRef = 9B592DAB1D62F86000F71CD3 /* 9.jpg */; };
		9B592DBB1D62F86000F71CD3 /* 10.jpg in Resources */ = {isa = PBXBuildFile; fileRef = 9B592DAC1D62F86000F71CD3 /* 10.jpg */; };
		9B592DBC1D62F86000F71CD3 /* 11.jpg in Resources */ = {isa = PBXBuildFile; fileRef = 9B592DAD1D62F86000F71CD3 /* 11.jpg */; };
		9B592DBD1D62F86000F71CD3 /* 12.jpg in Resources */ = {isa = PBXBuildFile; fileRef = 9B592DAE1D62F86000F71CD3 /* 12.jpg */; };
		9B592DBE1D62F86000F71CD3 /* 13.jpg in Resources */ = {isa = PBXBuildFile; fileRef = 9B592DAF1D62F86000F71CD3 /* 13.jpg */; };
		9B592DBF1D62F86000F71CD3 /* 14.jpg in Resources */ = {isa = PBXBuildFile; fileRef = 9B592DB01D62F86000F71CD3 /* 14.jpg */; };
		9B592DC01D62F86000F71CD3 /* 15.png in Resources */ = {isa = PBXBuildFile; fileRef = 9B592DB11D62F86000F71CD3 /* 15.png */; };
		9B592DC21D6307C400F71CD3 /* GuessViewController.swift in Sources */ = {isa = PBXBuildFile; fileRef = 9B592DC11D6307C400F71CD3 /* GuessViewController.swift */; };
		9B592DC41D63091900F71CD3 /* SelectStepViewController.swift in Sources */ = {isa = PBXBuildFile; fileRef = 9B592DC31D63091900F71CD3 /* SelectStepViewController.swift */; };
/* End PBXBuildFile section */

/* Begin PBXFileReference section */
		9B592D8D1D62F6CC00F71CD3 /* crazyIdiom.app */ = {isa = PBXFileReference; explicitFileType = wrapper.application; includeInIndex = 0; path = crazyIdiom.app; sourceTree = BUILT_PRODUCTS_DIR; };
		9B592D901D62F6CC00F71CD3 /* AppDelegate.swift */ = {isa = PBXFileReference; lastKnownFileType = sourcecode.swift; path = AppDelegate.swift; sourceTree = "<group>"; };
		9B592D921D62F6CC00F71CD3 /* ViewController.swift */ = {isa = PBXFileReference; lastKnownFileType = sourcecode.swift; path = ViewController.swift; sourceTree = "<group>"; };
		9B592D951D62F6CC00F71CD3 /* Base */ = {isa = PBXFileReference; lastKnownFileType = file.storyboard; name = Base; path = Base.lproj/Main.storyboard; sourceTree = "<group>"; };
		9B592D971D62F6CC00F71CD3 /* Assets.xcassets */ = {isa = PBXFileReference; lastKnownFileType = folder.assetcatalog; path = Assets.xcassets; sourceTree = "<group>"; };
		9B592D9A1D62F6CC00F71CD3 /* Base */ = {isa = PBXFileReference; lastKnownFileType = file.storyboard; name = Base; path = Base.lproj/LaunchScreen.storyboard; sourceTree = "<group>"; };
		9B592D9C1D62F6CC00F71CD3 /* Info.plist */ = {isa = PBXFileReference; lastKnownFileType = text.plist.xml; path = Info.plist; sourceTree = "<group>"; };
		9B592DA31D62F86000F71CD3 /* 1.png */ = {isa = PBXFileReference; lastKnownFileType = image.png; path = 1.png; sourceTree = "<group>"; };
		9B592DA41D62F86000F71CD3 /* 2.png */ = {isa = PBXFileReference; lastKnownFileType = image.png; path = 2.png; sourceTree = "<group>"; };
		9B592DA51D62F86000F71CD3 /* 3.png */ = {isa = PBXFileReference; lastKnownFileType = image.png; path = 3.png; sourceTree = "<group>"; };
		9B592DA61D62F86000F71CD3 /* 4.png */ = {isa = PBXFileReference; lastKnownFileType = image.png; path = 4.png; sourceTree = "<group>"; };
		9B592DA71D62F86000F71CD3 /* 5.jpg */ = {isa = PBXFileReference; lastKnownFileType = image.jpeg; path = 5.jpg; sourceTree = "<group>"; };
		9B592DA81D62F86000F71CD3 /* 6.jpg */ = {isa = PBXFileReference; lastKnownFileType = image.jpeg; path = 6.jpg; sourceTree = "<group>"; };
		9B592DA91D62F86000F71CD3 /* 7.jpg */ = {isa = PBXFileReference; lastKnownFileType = image.jpeg; path = 7.jpg; sourceTree = "<group>"; };
		9B592DAA1D62F86000F71CD3 /* 8.jpg */ = {isa = PBXFileReference; lastKnownFileType = image.jpeg; path = 8.jpg; sourceTree = "<group>"; };
		9B592DAB1D62F86000F71CD3 /* 9.jpg */ = {isa = PBXFileReference; lastKnownFileType = image.jpeg; path = 9.jpg; sourceTree = "<group>"; };
		9B592DAC1D62F86000F71CD3 /* 10.jpg */ = {isa = PBXFileReference; lastKnownFileType = image.jpeg; path = 10.jpg; sourceTree = "<group>"; };
		9B592DAD1D62F86000F71CD3 /* 11.jpg */ = {isa = PBXFileReference; lastKnownFileType = image.jpeg; path = 11.jpg; sourceTree = "<group>"; };
		9B592DAE1D62F86000F71CD3 /* 12.jpg */ = {isa = PBXFileReference; lastKnownFileType = image.jpeg; path = 12.jpg; sourceTree = "<group>"; };
		9B592DAF1D62F86000F71CD3 /* 13.jpg */ = {isa = PBXFileReference; lastKnownFileType = image.jpeg; path = 13.jpg; sourceTree = "<group>"; };
		9B592DB01D62F86000F71CD3 /* 14.jpg */ = {isa = PBXFileReference; lastKnownFileType = image.jpeg; path = 14.jpg; sourceTree = "<group>"; };
		9B592DB11D62F86000F71CD3 /* 15.png */ = {isa = PBXFileReference; lastKnownFileType = image.png; path = 15.png; sourceTree = "<group>"; };
		9B592DC11D6307C400F71CD3 /* GuessViewController.swift */ = {isa = PBXFileReference; fileEncoding = 4; lastKnownFileType = sourcecode.swift; path = GuessViewController.swift; sourceTree = "<group>"; };
		9B592DC31D63091900F71CD3 /* SelectStepViewController.swift */ = {isa = PBXFileReference; fileEncoding = 4; lastKnownFileType = sourcecode.swift; path = SelectStepViewController.swift; sourceTree = "<group>"; };
/* End PBXFileReference section */

/* Begin PBXFrameworksBuildPhase section */
		9B592D8A1D62F6CC00F71CD3 /* Frameworks */ = {
			isa = PBXFrameworksBuildPhase;
			buildActionMask = 2147483647;
			files = (
			);
			runOnlyForDeploymentPostprocessing = 0;
		};
/* End PBXFrameworksBuildPhase section */

/* Begin PBXGroup section */
		9B592D841D62F6CC00F71CD3 = {
			isa = PBXGroup;
			children = (
				9B592D8F1D62F6CC00F71CD3 /* crazyIdiom */,
				9B592D8E1D62F6CC00F71CD3 /* Products */,
			);
			sourceTree = "<group>";
		};
		9B592D8E1D62F6CC00F71CD3 /* Products */ = {
			isa = PBXGroup;
			children = (
				9B592D8D1D62F6CC00F71CD3 /* crazyIdiom.app */,
			);
			name = Products;
			sourceTree = "<group>";
		};
		9B592D8F1D62F6CC00F71CD3 /* crazyIdiom */ = {
			isa = PBXGroup;
			children = (
				9B592DA21D62F6F900F71CD3 /* images */,
				9B592D901D62F6CC00F71CD3 /* AppDelegate.swift */,
				9B592D921D62F6CC00F71CD3 /* ViewController.swift */,
				9B592DC31D63091900F71CD3 /* SelectStepViewController.swift */,
				9B592DC11D6307C400F71CD3 /* GuessViewController.swift */,
				9B592D941D62F6CC00F71CD3 /* Main.storyboard */,
				9B592D971D62F6CC00F71CD3 /* Assets.xcassets */,
				9B592D991D62F6CC00F71CD3 /* LaunchScreen.storyboard */,
				9B592D9C1D62F6CC00F71CD3 /* Info.plist */,
			);
			path = crazyIdiom;
			sourceTree = "<group>";
		};
		9B592DA21D62F6F900F71CD3 /* images */ = {
			isa = PBXGroup;
			children = (
				9B592DA31D62F86000F71CD3 /* 1.png */,
				9B592DA41D62F86000F71CD3 /* 2.png */,
				9B592DA51D62F86000F71CD3 /* 3.png */,
				9B592DA61D62F86000F71CD3 /* 4.png */,
				9B592DA71D62F86000F71CD3 /* 5.jpg */,
				9B592DA81D62F86000F71CD3 /* 6.jpg */,
				9B592DA91D62F86000F71CD3 /* 7.jpg */,
				9B592DAA1D62F86000F71CD3 /* 8.jpg */,
				9B592DAB1D62F86000F71CD3 /* 9.jpg */,
				9B592DAC1D62F86000F71CD3 /* 10.jpg */,
				9B592DAD1D62F86000F71CD3 /* 11.jpg */,
				9B592DAE1D62F86000F71CD3 /* 12.jpg */,
				9B592DAF1D62F86000F71CD3 /* 13.jpg */,
				9B592DB01D62F86000F71CD3 /* 14.jpg */,
				9B592DB11D62F86000F71CD3 /* 15.png */,
			);
			path = images;
			sourceTree = "<group>";
		};
/* End PBXGroup section */

/* Begin PBXNativeTarget section */
		9B592D8C1D62F6CC00F71CD3 /* crazyIdiom */ = {
			isa = PBXNativeTarget;
			buildConfigurationList = 9B592D9F1D62F6CC00F71CD3 /* Build configuration list for PBXNativeTarget "crazyIdiom" */;
			buildPhases = (
				9B592D891D62F6CC00F71CD3 /* Sources */,
				9B592D8A1D62F6CC00F71CD3 /* Frameworks */,
				9B592D8B1D62F6CC00F71CD3 /* Resources */,
			);
			buildRules = (
			);
			dependencies = (
			);
			name = crazyIdiom;
			productName = crazyIdiom;
			productReference = 9B592D8D1D62F6CC00F71CD3 /* crazyIdiom.app */;
			productType = "com.apple.product-type.application";
		};
/* End PBXNativeTarget section */

/* Begin PBXProject section */
		9B592D851D62F6CC00F71CD3 /* Project object */ = {
			isa = PBXProject;
			attributes = {
				LastSwiftUpdateCheck = 0730;
				LastUpgradeCheck = 0730;
				ORGANIZATIONNAME = zero;
				TargetAttributes = {
					9B592D8C1D62F6CC00F71CD3 = {
						CreatedOnToolsVersion = 7.3;
					};
				};
			};
			buildConfigurationList = 9B592D881D62F6CC00F71CD3 /* Build configuration list for PBXProject "crazyIdiom" */;
			compatibilityVersion = "Xcode 3.2";
			developmentRegion = English;
			hasScannedForEncodings = 0;
			knownRegions = (
				en,
				Base,
			);
			mainGroup = 9B592D841D62F6CC00F71CD3;
			productRefGroup = 9B592D8E1D62F6CC00F71CD3 /* Products */;
			projectDirPath = "";
			projectRoot = "";
			targets = (
				9B592D8C1D62F6CC00F71CD3 /* crazyIdiom */,
			);
		};
/* End PBXProject section */

/* Begin PBXResourcesBuildPhase section */
		9B592D8B1D62F6CC00F71CD3 /* Resources */ = {
			isa = PBXResourcesBuildPhase;
			buildActionMask = 2147483647;
			files = (
				9B592DBB1D62F86000F71CD3 /* 10.jpg in Resources */,
				9B592DB91D62F86000F71CD3 /* 8.jpg in Resources */,
				9B592DB71D62F86000F71CD3 /* 6.jpg in Resources */,
				9B592D9B1D62F6CC00F71CD3 /* LaunchScreen.storyboard in Resources */,
				9B592DB61D62F86000F71CD3 /* 5.jpg in Resources */,
				9B592DBD1D62F86000F71CD3 /* 12.jpg in Resources */,
				9B592DBC1D62F86000F71CD3 /* 11.jpg in Resources */,
				9B592DB51D62F86000F71CD3 /* 4.png in Resources */,
				9B592DBF1D62F86000F71CD3 /* 14.jpg in Resources */,
				9B592DC01D62F86000F71CD3 /* 15.png in Resources */,
				9B592DB21D62F86000F71CD3 /* 1.png in Resources */,
				9B592DBE1D62F86000F71CD3 /* 13.jpg in Resources */,
				9B592DB31D62F86000F71CD3 /* 2.png in Resources */,
				9B592DB41D62F86000F71CD3 /* 3.png in Resources */,
				9B592DB81D62F86000F71CD3 /* 7.jpg in Resources */,
				9B592DBA1D62F86000F71CD3 /* 9.jpg in Resources */,
				9B592D981D62F6CC00F71CD3 /* Assets.xcassets in Resources */,
				9B592D961D62F6CC00F71CD3 /* Main.storyboard in Resources */,
			);
			runOnlyForDeploymentPostprocessing = 0;
		};
/* End PBXResourcesBuildPhase section */

/* Begin PBXSourcesBuildPhase section */
		9B592D891D62F6CC00F71CD3 /* Sources */ = {
			isa = PBXSourcesBuildPhase;
			buildActionMask = 2147483647;
			files = (
				9B592DC41D63091900F71CD3 /* SelectStepViewController.swift in Sources */,
				9B592DC21D6307C400F71CD3 /* GuessViewController.swift in Sources */,
				9B592D931D62F6CC00F71CD3 /* ViewController.swift in Sources */,
				9B592D911D62F6CC00F71CD3 /* AppDelegate.swift in Sources */,
			);
			runOnlyForDeploymentPostprocessing = 0;
		};
/* End PBXSourcesBuildPhase section */

/* Begin PBXVariantGroup section */
		9B592D941D62F6CC00F71CD3 /* Main.storyboard */ = {
			isa = PBXVariantGroup;
			children = (
				9B592D951D62F6CC00F71CD3 /* Base */,
			);
			name = Main.storyboard;
			sourceTree = "<group>";
		};
		9B592D991D62F6CC00F71CD3 /* LaunchScreen.storyboard */ = {
			isa = PBXVariantGroup;
			children = (
				9B592D9A1D62F6CC00F71CD3 /* Base */,
			);
			name = LaunchScreen.storyboard;
			sourceTree = "<group>";
		};
/* End PBXVariantGroup section */

/* Begin XCBuildConfiguration section */
		9B592D9D1D62F6CC00F71CD3 /* Debug */ = {
			isa = XCBuildConfiguration;
			buildSettings = {
				ALWAYS_SEARCH_USER_PATHS = NO;
				CLANG_ANALYZER_NONNULL = YES;
				CLANG_CXX_LANGUAGE_STANDARD = "gnu++0x";
				CLANG_CXX_LIBRARY = "libc++";
				CLANG_ENABLE_MODULES = YES;
				CLANG_ENABLE_OBJC_ARC = YES;
				CLANG_WARN_BOOL_CONVERSION = YES;
				CLANG_WARN_CONSTANT_CONVERSION = YES;
				CLANG_WARN_DIRECT_OBJC_ISA_USAGE = YES_ERROR;
				CLANG_WARN_EMPTY_BODY = YES;
				CLANG_WARN_ENUM_CONVERSION = YES;
				CLANG_WARN_INT_CONVERSION = YES;
				CLANG_WARN_OBJC_ROOT_CLASS = YES_ERROR;
				CLANG_WARN_UNREACHABLE_CODE = YES;
				CLANG_WARN__DUPLICATE_METHOD_MATCH = YES;
				"CODE_SIGN_IDENTITY[sdk=iphoneos*]" = "iPhone Developer";
				COPY_PHASE_STRIP = NO;
				DEBUG_INFORMATION_FORMAT = dwarf;
				ENABLE_STRICT_OBJC_MSGSEND = YES;
				ENABLE_TESTABILITY = YES;
				GCC_C_LANGUAGE_STANDARD = gnu99;
				GCC_DYNAMIC_NO_PIC = NO;
				GCC_NO_COMMON_BLOCKS = YES;
				GCC_OPTIMIZATION_LEVEL = 0;
				GCC_PREPROCESSOR_DEFINITIONS = (
					"DEBUG=1",
					"$(inherited)",
				);
				GCC_WARN_64_TO_32_BIT_CONVERSION = YES;
				GCC_WARN_ABOUT_RETURN_TYPE = YES_ERROR;
				GCC_WARN_UNDECLARED_SELECTOR = YES;
				GCC_WARN_UNINITIALIZED_AUTOS = YES_AGGRESSIVE;
				GCC_WARN_UNUSED_FUNCTION = YES;
				GCC_WARN_UNUSED_VARIABLE = YES;
				IPHONEOS_DEPLOYMENT_TARGET = 9.3;
				MTL_ENABLE_DEBUG_INFO = YES;
				ONLY_ACTIVE_ARCH = YES;
				SDKROOT = iphoneos;
				SWIFT_OPTIMIZATION_LEVEL = "-Onone";
			};
			name = Debug;
		};
		9B592D9E1D62F6CC00F71CD3 /* Release */ = {
			isa = XCBuildConfiguration;
			buildSettings = {
				ALWAYS_SEARCH_USER_PATHS = NO;
				CLANG_ANALYZER_NONNULL = YES;
				CLANG_CXX_LANGUAGE_STANDARD = "gnu++0x";
				CLANG_CXX_LIBRARY = "libc++";
				CLANG_ENABLE_MODULES = YES;
				CLANG_ENABLE_OBJC_ARC = YES;
				CLANG_WARN_BOOL_CONVERSION = YES;
				CLANG_WARN_CONSTANT_CONVERSION = YES;
				CLANG_WARN_DIRECT_OBJC_ISA_USAGE = YES_ERROR;
				CLANG_WARN_EMPTY_BODY = YES;
				CLANG_WARN_ENUM_CONVERSION = YES;
				CLANG_WARN_INT_CONVERSION = YES;
				CLANG_WARN_OBJC_ROOT_CLASS = YES_ERROR;
				CLANG_WARN_UNREACHABLE_CODE = YES;
				CLANG_WARN__DUPLICATE_METHOD_MATCH = YES;
				"CODE_SIGN_IDENTITY[sdk=iphoneos*]" = "iPhone Developer";
				COPY_PHASE_STRIP = NO;
				DEBUG_INFORMATION_FORMAT = "dwarf-with-dsym";
				ENABLE_NS_ASSERTIONS = NO;
				ENABLE_STRICT_OBJC_MSGSEND = YES;
				GCC_C_LANGUAGE_STANDARD = gnu99;
				GCC_NO_COMMON_BLOCKS = YES;
				GCC_WARN_64_TO_32_BIT_CONVERSION = YES;
				GCC_WARN_ABOUT_RETURN_TYPE = YES_ERROR;
				GCC_WARN_UNDECLARED_SELECTOR = YES;
				GCC_WARN_UNINITIALIZED_AUTOS = YES_AGGRESSIVE;
				GCC_WARN_UNUSED_FUNCTION = YES;
				GCC_WARN_UNUSED_VARIABLE = YES;
				IPHONEOS_DEPLOYMENT_TARGET = 9.3;
				MTL_ENABLE_DEBUG_INFO = NO;
				SDKROOT = iphoneos;
				VALIDATE_PRODUCT = YES;
			};
			name = Release;
		};
		9B592DA01D62F6CC00F71CD3 /* Debug */ = {
			isa = XCBuildConfiguration;
			buildSettings = {
				ASSETCATALOG_COMPILER_APPICON_NAME = AppIcon;
				INFOPLIST_FILE = crazyIdiom/Info.plist;
				LD_RUNPATH_SEARCH_PATHS = "$(inherited) @executable_path/Frameworks";
				PRODUCT_BUNDLE_IDENTIFIER = zero.crazyIdiom;
				PRODUCT_NAME = "$(TARGET_NAME)";
			};
			name = Debug;
		};
		9B592DA11D62F6CC00F71CD3 /* Release */ = {
			isa = XCBuildConfiguration;
			buildSettings = {
				ASSETCATALOG_COMPILER_APPICON_NAME = AppIcon;
				INFOPLIST_FILE = crazyIdiom/Info.plist;
				LD_RUNPATH_SEARCH_PATHS = "$(inherited) @executable_path/Frameworks";
				PRODUCT_BUNDLE_IDENTIFIER = zero.crazyIdiom;
				PRODUCT_NAME = "$(TARGET_NAME)";
			};
			name = Release;
		};
/* End XCBuildConfiguration section */

/* Begin XCConfigurationList section */
		9B592D881D62F6CC00F71CD3 /* Build configuration list for PBXProject "crazyIdiom" */ = {
			isa = XCConfigurationList;
			buildConfigurations = (
				9B592D9D1D62F6CC00F71CD3 /* Debug */,
				9B592D9E1D62F6CC00F71CD3 /* Release */,
			);
			defaultConfigurationIsVisible = 0;
			defaultConfigurationName = Release;
		};
		9B592D9F1D62F6CC00F71CD3 /* Build configuration list for PBXNativeTarget "crazyIdiom" */ = {
			isa = XCConfigurationList;
			buildConfigurations = (
				9B592DA01D62F6CC00F71CD3 /* Debug */,
				9B592DA11D62F6CC00F71CD3 /* Release */,
			);
			defaultConfigurationIsVisible = 0;
		};
/* End XCConfigurationList section */
	};
	rootObject = 9B592D851D62F6CC00F71CD3 /* Project object */;
}
